
Microsoft Visual Studio Solution File, Format Version 12.00
# Visual Studio Version 17
VisualStudioVersion = 17.0.32014.148
MinimumVisualStudioVersion = 10.0.40219.1
Project("{FAE04EC0-301F-11D3-BF4B-00C04F79EFBC}") = "ProjectManagementApp", "ProjectManagementApp\ProjectManagementApp.csproj", "{203E6C67-3E33-42BF-96F4-E643BC532579}"
EndProject
Global
	GlobalSection(SolutionConfigurationPlatforms) = preSolution
		Debug|Any CPU = Debug|Any CPU
		Release|Any CPU = Release|Any CPU
	EndGlobalSection
	GlobalSection(ProjectConfigurationPlatforms) = postSolution
		{203E6C67-3E33-42BF-96F4-E643BC532579}.Debug|Any CPU.ActiveCfg = Debug|Any CPU
		{203E6C67-3E33-42BF-96F4-E643BC532579}.Debug|Any CPU.Build.0 = Debug|Any CPU
		{203E6C67-3E33-42BF-96F4-E643BC532579}.Release|Any CPU.ActiveCfg = Release|Any CPU
		{203E6C67-3E33-42BF-96F4-E643BC532579}.Release|Any CPU.Build.0 = Release|Any CPU
	EndGlobalSection
	GlobalSection(SolutionProperties) = preSolution
		HideSolutionNode = FALSE
	EndGlobalSection
	GlobalSection(ExtensibilityGlobals) = postSolution
		SolutionGuid = {452D9F61-43DC-46E8-96C3-3CC5B6B48A51}
	EndGlobalSection
EndGlobal
